hash: 99d2797676f7b2934d2163173b68aa89c8eff405bccf3b3d05b22c6576c7d4f4
updated: 2018-05-01T21:42:40.791591-04:00
imports:
- name: github.com/dgrijalva/jwt-go
  version: 06ea1031745cb8b3dab3f6a236daf2b0aa468b7e
- name: github.com/gorilla/sessions
  version: ca9ada44574153444b00d3fd9c8559e4cc95f896
- name: github.com/jinzhu/gorm
  version: 6ed508ec6a4ecb3531899a69cbc746ccf65a4166
  subpackages:
  - dialects/postgres
- name: github.com/labstack/echo
  version: 6d227dfea4d2e52cb76856120b3c17f758139b4e
  subpackages:
  - middleware
- name: github.com/markbates/goth
  version: 4933f155d89c3c52ab4ca545c6602cf4a1e87913
- name: github.com/satori/go.uuid
  version: f58768cc1a7a7e77a3bd49e98cdd21419399b6a3
- name: github.com/subosito/gotenv
  version: 009e1f9581dc712aba5682a279dee155ca3eeded
testImports: []
